// !$*UTF8*$!
{
	archiveVersion = 1;
	classes = {
	};
	objectVersion = 48;
	objects = {

/* Begin PBXBuildFile section */
		E9E55F091FC090010069C3EA /* AppDelegate.swift in Sources */ = {isa = PBXBuildFile; fileRef = E9E55F081FC090010069C3EA /* AppDelegate.swift */; };
		E9E55F0B1FC090010069C3EA /* IntroductionViewController.swift in Sources */ = {isa = PBXBuildFile; fileRef = E9E55F0A1FC090010069C3EA /* IntroductionViewController.swift */; };
		E9E55F0E1FC090010069C3EA /* Main.storyboard in Resources */ = {isa = PBXBuildFile; fileRef = E9E55F0C1FC090010069C3EA /* Main.storyboard */; };
		E9E55F101FC090010069C3EA /* Assets.xcassets in Resources */ = {isa = PBXBuildFile; fileRef = E9E55F0F1FC090010069C3EA /* Assets.xcassets */; };
		E9E55F131FC090010069C3EA /* LaunchScreen.storyboard in Resources */ = {isa = PBXBuildFile; fileRef = E9E55F111FC090010069C3EA /* LaunchScreen.storyboard */; };
		E9E55F1E1FC090010069C3EA /* PersonalityQuizTests.swift in Sources */ = {isa = PBXBuildFile; fileRef = E9E55F1D1FC090010069C3EA /* PersonalityQuizTests.swift */; };
		E9E55F291FC090020069C3EA /* PersonalityQuizUITests.swift in Sources */ = {isa = PBXBuildFile; fileRef = E9E55F281FC090020069C3EA /* PersonalityQuizUITests.swift */; };
		E9E55F371FC09B2F0069C3EA /* QuestionViewController.swift in Sources */ = {isa = PBXBuildFile; fileRef = E9E55F361FC09B2F0069C3EA /* QuestionViewController.swift */; };
		E9E55F391FC09B790069C3EA /* ResultsViewController.swift in Sources */ = {isa = PBXBuildFile; fileRef = E9E55F381FC09B790069C3EA /* ResultsViewController.swift */; };
/* End PBXBuildFile section */

/* Begin PBXContainerItemProxy section */
		E9E55F1A1FC090010069C3EA /* PBXContainerItemProxy */ = {
			isa = PBXContainerItemProxy;
			containerPortal = E9E55EFD1FC090010069C3EA /* Project object */;
			proxyType = 1;
			remoteGlobalIDString = E9E55F041FC090010069C3EA;
			remoteInfo = PersonalityQuiz;
		};
		E9E55F251FC090020069C3EA /* PBXContainerItemProxy */ = {
			isa = PBXContainerItemProxy;
			containerPortal = E9E55EFD1FC090010069C3EA /* Project object */;
			proxyType = 1;
			remoteGlobalIDString = E9E55F041FC090010069C3EA;
			remoteInfo = PersonalityQuiz;
		};
/* End PBXContainerItemProxy section */

/* Begin PBXFileReference section */
		E9E55F051FC090010069C3EA /* PersonalityQuiz.app */ = {isa = PBXFileReference; explicitFileType = wrapper.application; includeInIndex = 0; path = PersonalityQuiz.app; sourceTree = BUILT_PRODUCTS_DIR; };
		E9E55F081FC090010069C3EA /* AppDelegate.swift */ = {isa = PBXFileReference; lastKnownFileType = sourcecode.swift; path = AppDelegate.swift; sourceTree = "<group>"; };
		E9E55F0A1FC090010069C3EA /* IntroductionViewController.swift */ = {isa = PBXFileReference; lastKnownFileType = sourcecode.swift; path = IntroductionViewController.swift; sourceTree = "<group>"; };
		E9E55F0D1FC090010069C3EA /* Base */ = {isa = PBXFileReference; lastKnownFileType = file.storyboard; name = Base; path = Base.lproj/Main.storyboard; sourceTree = "<group>"; };
		E9E55F0F1FC090010069C3EA /* Assets.xcassets */ = {isa = PBXFileReference; lastKnownFileType = folder.assetcatalog; path = Assets.xcassets; sourceTree = "<group>"; };
		E9E55F121FC090010069C3EA /* Base */ = {isa = PBXFileReference; lastKnownFileType = file.storyboard; name = Base; path = Base.lproj/LaunchScreen.storyboard; sourceTree = "<group>"; };
		E9E55F141FC090010069C3EA /* Info.plist */ = {isa = PBXFileReference; lastKnownFileType = text.plist.xml; path = Info.plist; sourceTree = "<group>"; };
		E9E55F191FC090010069C3EA /* PersonalityQuizTests.xctest */ = {isa = PBXFileReference; explicitFileType = wrapper.cfbundle; includeInIndex = 0; path = PersonalityQuizTests.xctest; sourceTree = BUILT_PRODUCTS_DIR; };
		E9E55F1D1FC090010069C3EA /* PersonalityQuizTests.swift */ = {isa = PBXFileReference; lastKnownFileType = sourcecode.swift; path = PersonalityQuizTests.swift; sourceTree = "<group>"; };
		E9E55F1F1FC090010069C3EA /* Info.plist */ = {isa = PBXFileReference; lastKnownFileType = text.plist.xml; path = Info.plist; sourceTree = "<group>"; };
		E9E55F241FC090020069C3EA /* PersonalityQuizUITests.xctest */ = {isa = PBXFileReference; explicitFileType = wrapper.cfbundle; includeInIndex = 0; path = PersonalityQuizUITests.xctest; sourceTree = BUILT_PRODUCTS_DIR; };
		E9E55F281FC090020069C3EA /* PersonalityQuizUITests.swift */ = {isa = PBXFileReference; lastKnownFileType = sourcecode.swift; path = PersonalityQuizUITests.swift; sourceTree = "<group>"; };
		E9E55F2A1FC090020069C3EA /* Info.plist */ = {isa = PBXFileReference; lastKnownFileType = text.plist.xml; path = Info.plist; sourceTree = "<group>"; };
		E9E55F361FC09B2F0069C3EA /* QuestionViewController.swift */ = {isa = PBXFileReference; lastKnownFileType = sourcecode.swift; path = QuestionViewController.swift; sourceTree = "<group>"; };
		E9E55F381FC09B790069C3EA /* ResultsViewController.swift */ = {isa = PBXFileReference; lastKnownFileType = sourcecode.swift; path = ResultsViewController.swift; sourceTree = "<group>"; };
/* End PBXFileReference section */

/* Begin PBXFrameworksBuildPhase section */
		E9E55F021FC090010069C3EA /* Frameworks */ = {
			isa = PBXFrameworksBuildPhase;
			buildActionMask = 2147483647;
			files = (
			);
			runOnlyForDeploymentPostprocessing = 0;
		};
		E9E55F161FC090010069C3EA /* Frameworks */ = {
			isa = PBXFrameworksBuildPhase;
			buildActionMask = 2147483647;
			files = (
			);
			runOnlyForDeploymentPostprocessing = 0;
		};
		E9E55F211FC090020069C3EA /* Frameworks */ = {
			isa = PBXFrameworksBuildPhase;
			buildActionMask = 2147483647;
			files = (
			);
			runOnlyForDeploymentPostprocessing = 0;
		};
/* End PBXFrameworksBuildPhase section */

/* Begin PBXGroup section */
		E9E55EFC1FC090010069C3EA = {
			isa = PBXGroup;
			children = (
				E9E55F071FC090010069C3EA /* PersonalityQuiz */,
				E9E55F1C1FC090010069C3EA /* PersonalityQuizTests */,
				E9E55F271FC090020069C3EA /* PersonalityQuizUITests */,
				E9E55F061FC090010069C3EA /* Products */,
			);
			sourceTree = "<group>";
		};
		E9E55F061FC090010069C3EA /* Products */ = {
			isa = PBXGroup;
			children = (
				E9E55F051FC090010069C3EA /* PersonalityQuiz.app */,
				E9E55F191FC090010069C3EA /* PersonalityQuizTests.xctest */,
				E9E55F241FC090020069C3EA /* PersonalityQuizUITests.xctest */,
			);
			name = Products;
			sourceTree = "<group>";
		};
		E9E55F071FC090010069C3EA /* PersonalityQuiz */ = {
			isa = PBXGroup;
			children = (
				E9E55F361FC09B2F0069C3EA /* QuestionViewController.swift */,
				E9E55F381FC09B790069C3EA /* ResultsViewController.swift */,
				E9E55F081FC090010069C3EA /* AppDelegate.swift */,
				E9E55F0A1FC090010069C3EA /* IntroductionViewController.swift */,
				E9E55F0C1FC090010069C3EA /* Main.storyboard */,
				E9E55F0F1FC090010069C3EA /* Assets.xcassets */,
				E9E55F111FC090010069C3EA /* LaunchScreen.storyboard */,
				E9E55F141FC090010069C3EA /* Info.plist */,
			);
			path = PersonalityQuiz;
			sourceTree = "<group>";
		};
		E9E55F1C1FC090010069C3EA /* PersonalityQuizTests */ = {
			isa = PBXGroup;
			children = (
				E9E55F1D1FC090010069C3EA /* PersonalityQuizTests.swift */,
				E9E55F1F1FC090010069C3EA /* Info.plist */,
			);
			path = PersonalityQuizTests;
			sourceTree = "<group>";
		};
		E9E55F271FC090020069C3EA /* PersonalityQuizUITests */ = {
			isa = PBXGroup;
			children = (
				E9E55F281FC090020069C3EA /* PersonalityQuizUITests.swift */,
				E9E55F2A1FC090020069C3EA /* Info.plist */,
			);
			path = PersonalityQuizUITests;
			sourceTree = "<group>";
		};
/* End PBXGroup section */

/* Begin PBXNativeTarget section */
		E9E55F041FC090010069C3EA /* PersonalityQuiz */ = {
			isa = PBXNativeTarget;
			buildConfigurationList = E9E55F2D1FC090020069C3EA /* Build configuration list for PBXNativeTarget "PersonalityQuiz" */;
			buildPhases = (
				E9E55F011FC090010069C3EA /* Sources */,
				E9E55F021FC090010069C3EA /* Frameworks */,
				E9E55F031FC090010069C3EA /* Resources */,
			);
			buildRules = (
			);
			dependencies = (
			);
			name = PersonalityQuiz;
			productName = PersonalityQuiz;
			productReference = E9E55F051FC090010069C3EA /* PersonalityQuiz.app */;
			productType = "com.apple.product-type.application";
		};
		E9E55F181FC090010069C3EA /* PersonalityQuizTests */ = {
			isa = PBXNativeTarget;
			buildConfigurationList = E9E55F301FC090020069C3EA /* Build configuration list for PBXNativeTarget "PersonalityQuizTests" */;
			buildPhases = (
				E9E55F151FC090010069C3EA /* Sources */,
				E9E55F161FC090010069C3EA /* Frameworks */,
				E9E55F171FC090010069C3EA /* Resources */,
			);
			buildRules = (
			);
			dependencies = (
				E9E55F1B1FC090010069C3EA /* PBXTargetDependency */,
			);
			name = PersonalityQuizTests;
			productName = PersonalityQuizTests;
			productReference = E9E55F191FC090010069C3EA /* PersonalityQuizTests.xctest */;
			productType = "com.apple.product-type.bundle.unit-test";
		};
		E9E55F231FC090020069C3EA /* PersonalityQuizUITests */ = {
			isa = PBXNativeTarget;
			buildConfigurationList = E9E55F331FC090020069C3EA /* Build configuration list for PBXNativeTarget "PersonalityQuizUITests" */;
			buildPhases = (
				E9E55F201FC090020069C3EA /* Sources */,
				E9E55F211FC090020069C3EA /* Frameworks */,
				E9E55F221FC090020069C3EA /* Resources */,
			);
			buildRules = (
			);
			dependencies = (
				E9E55F261FC090020069C3EA /* PBXTargetDependency */,
			);
			name = PersonalityQuizUITests;
			productName = PersonalityQuizUITests;
			productReference = E9E55F241FC090020069C3EA /* PersonalityQuizUITests.xctest */;
			productType = "com.apple.product-type.bundle.ui-testing";
		};
/* End PBXNativeTarget section */

/* Begin PBXProject section */
		E9E55EFD1FC090010069C3EA /* Project object */ = {
			isa = PBXProject;
			attributes = {
				LastSwiftUpdateCheck = 0910;
				LastUpgradeCheck = 0910;
				ORGANIZATIONNAME = "Thomas De lange";
				TargetAttributes = {
					E9E55F041FC090010069C3EA = {
						CreatedOnToolsVersion = 9.1;
						ProvisioningStyle = Automatic;
					};
					E9E55F181FC090010069C3EA = {
						CreatedOnToolsVersion = 9.1;
						ProvisioningStyle = Automatic;
						TestTargetID = E9E55F041FC090010069C3EA;
					};
					E9E55F231FC090020069C3EA = {
						CreatedOnToolsVersion = 9.1;
						ProvisioningStyle = Automatic;
						TestTargetID = E9E55F041FC090010069C3EA;
					};
				};
			};
			buildConfigurationList = E9E55F001FC090010069C3EA /* Build configuration list for PBXProject "PersonalityQuiz" */;
			compatibilityVersion = "Xcode 8.0";
			developmentRegion = en;
			hasScannedForEncodings = 0;
			knownRegions = (
				en,
				Base,
			);
			mainGroup = E9E55EFC1FC090010069C3EA;
			productRefGroup = E9E55F061FC090010069C3EA /* Products */;
			projectDirPath = "";
			projectRoot = "";
			targets = (
				E9E55F041FC090010069C3EA /* PersonalityQuiz */,
				E9E55F181FC090010069C3EA /* PersonalityQuizTests */,
				E9E55F231FC090020069C3EA /* PersonalityQuizUITests */,
			);
		};
/* End PBXProject section */

/* Begin PBXResourcesBuildPhase section */
		E9E55F031FC090010069C3EA /* Resources */ = {
			isa = PBXResourcesBuildPhase;
			buildActionMask = 2147483647;
			files = (
				E9E55F131FC090010069C3EA /* LaunchScreen.storyboard in Resources */,
				E9E55F101FC090010069C3EA /* Assets.xcassets in Resources */,
				E9E55F0E1FC090010069C3EA /* Main.storyboard in Resources */,
			);
			runOnlyForDeploymentPostprocessing = 0;
		};
		E9E55F171FC090010069C3EA /* Resources */ = {
			isa = PBXResourcesBuildPhase;
			buildActionMask = 2147483647;
			files = (
			);
			runOnlyForDeploymentPostprocessing = 0;
		};
		E9E55F221FC090020069C3EA /* Resources */ = {
			isa = PBXResourcesBuildPhase;
			buildActionMask = 2147483647;
			files = (
			);
			runOnlyForDeploymentPostprocessing = 0;
		};
/* End PBXResourcesBuildPhase section */

/* Begin PBXSourcesBuildPhase section */
		E9E55F011FC090010069C3EA /* Sources */ = {
			isa = PBXSourcesBuildPhase;
			buildActionMask = 2147483647;
			files = (
				E9E55F0B1FC090010069C3EA /* IntroductionViewController.swift in Sources */,
				E9E55F091FC090010069C3EA /* AppDelegate.swift in Sources */,
				E9E55F371FC09B2F0069C3EA /* QuestionViewController.swift in Sources */,
				E9E55F391FC09B790069C3EA /* ResultsViewController.swift in Sources */,
			);
			runOnlyForDeploymentPostprocessing = 0;
		};
		E9E55F151FC090010069C3EA /* Sources */ = {
			isa = PBXSourcesBuildPhase;
			buildActionMask = 2147483647;
			files = (
				E9E55F1E1FC090010069C3EA /* PersonalityQuizTests.swift in Sources */,
			);
			runOnlyForDeploymentPostprocessing = 0;
		};
		E9E55F201FC090020069C3EA /* Sources */ = {
			isa = PBXSourcesBuildPhase;
			buildActionMask = 2147483647;
			files = (
				E9E55F291FC090020069C3EA /* PersonalityQuizUITests.swift in Sources */,
			);
			runOnlyForDeploymentPostprocessing = 0;
		};
/* End PBXSourcesBuildPhase section */

/* Begin PBXTargetDependency section */
		E9E55F1B1FC090010069C3EA /* PBXTargetDependency */ = {
			isa = PBXTargetDependency;
			target = E9E55F041FC090010069C3EA /* PersonalityQuiz */;
			targetProxy = E9E55F1A1FC090010069C3EA /* PBXContainerItemProxy */;
		};
		E9E55F261FC090020069C3EA /* PBXTargetDependency */ = {
			isa = PBXTargetDependency;
			target = E9E55F041FC090010069C3EA /* PersonalityQuiz */;
			targetProxy = E9E55F251FC090020069C3EA /* PBXContainerItemProxy */;
		};
/* End PBXTargetDependency section */

/* Begin PBXVariantGroup section */
		E9E55F0C1FC090010069C3EA /* Main.storyboard */ = {
			isa = PBXVariantGroup;
			children = (
				E9E55F0D1FC090010069C3EA /* Base */,
			);
			name = Main.storyboard;
			sourceTree = "<group>";
		};
		E9E55F111FC090010069C3EA /* LaunchScreen.storyboard */ = {
			isa = PBXVariantGroup;
			children = (
				E9E55F121FC090010069C3EA /* Base */,
			);
			name = LaunchScreen.storyboard;
			sourceTree = "<group>";
		};
/* End PBXVariantGroup section */

/* Begin XCBuildConfiguration section */
		E9E55F2B1FC090020069C3EA /* Debug */ = {
			isa = XCBuildConfiguration;
			buildSettings = {
				ALWAYS_SEARCH_USER_PATHS = NO;
				CLANG_ANALYZER_NONNULL = YES;
				CLANG_ANALYZER_NUMBER_OBJECT_CONVERSION = YES_AGGRESSIVE;
				CLANG_CXX_LANGUAGE_STANDARD = "gnu++14";
				CLANG_CXX_LIBRARY = "libc++";
				CLANG_ENABLE_MODULES = YES;
				CLANG_ENABLE_OBJC_ARC = YES;
				CLANG_WARN_BLOCK_CAPTURE_AUTORELEASING = YES;
				CLANG_WARN_BOOL_CONVERSION = YES;
				CLANG_WARN_COMMA = YES;
				CLANG_WARN_CONSTANT_CONVERSION = YES;
				CLANG_WARN_DIRECT_OBJC_ISA_USAGE = YES_ERROR;
				CLANG_WARN_DOCUMENTATION_COMMENTS = YES;
				CLANG_WARN_EMPTY_BODY = YES;
				CLANG_WARN_ENUM_CONVERSION = YES;
				CLANG_WARN_INFINITE_RECURSION = YES;
				CLANG_WARN_INT_CONVERSION = YES;
				CLANG_WARN_NON_LITERAL_NULL_CONVERSION = YES;
				CLANG_WARN_OBJC_LITERAL_CONVERSION = YES;
				CLANG_WARN_OBJC_ROOT_CLASS = YES_ERROR;
				CLANG_WARN_RANGE_LOOP_ANALYSIS = YES;
				CLANG_WARN_STRICT_PROTOTYPES = YES;
				CLANG_WARN_SUSPICIOUS_MOVE = YES;
				CLANG_WARN_UNGUARDED_AVAILABILITY = YES_AGGRESSIVE;
				CLANG_WARN_UNREACHABLE_CODE = YES;
				CLANG_WARN__DUPLICATE_METHOD_MATCH = YES;
				CODE_SIGN_IDENTITY = "iPhone Developer";
				COPY_PHASE_STRIP = NO;
				DEBUG_INFORMATION_FORMAT = dwarf;
				ENABLE_STRICT_OBJC_MSGSEND = YES;
				ENABLE_TESTABILITY = YES;
				GCC_C_LANGUAGE_STANDARD = gnu11;
				GCC_DYNAMIC_NO_PIC = NO;
				GCC_NO_COMMON_BLOCKS = YES;
				GCC_OPTIMIZATION_LEVEL = 0;
				GCC_PREPROCESSOR_DEFINITIONS = (
					"DEBUG=1",
					"$(inherited)",
				);
				GCC_WARN_64_TO_32_BIT_CONVERSION = YES;
				GCC_WARN_ABOUT_RETURN_TYPE = YES_ERROR;
				GCC_WARN_UNDECLARED_SELECTOR = YES;
				GCC_WARN_UNINITIALIZED_AUTOS = YES_AGGRESSIVE;
				GCC_WARN_UNUSED_FUNCTION = YES;
				GCC_WARN_UNUSED_VARIABLE = YES;
				IPHONEOS_DEPLOYMENT_TARGET = 11.1;
				MTL_ENABLE_DEBUG_INFO = YES;
				ONLY_ACTIVE_ARCH = YES;
				SDKROOT = iphoneos;
				SWIFT_ACTIVE_COMPILATION_CONDITIONS = DEBUG;
				SWIFT_OPTIMIZATION_LEVEL = "-Onone";
			};
			name = Debug;
		};
		E9E55F2C1FC090020069C3EA /* Release */ = {
			isa = XCBuildConfiguration;
			buildSettings = {
				ALWAYS_SEARCH_USER_PATHS = NO;
				CLANG_ANALYZER_NONNULL = YES;
				CLANG_ANALYZER_NUMBER_OBJECT_CONVERSION = YES_AGGRESSIVE;
				CLANG_CXX_LANGUAGE_STANDARD = "gnu++14";
				CLANG_CXX_LIBRARY = "libc++";
				CLANG_ENABLE_MODULES = YES;
				CLANG_ENABLE_OBJC_ARC = YES;
				CLANG_WARN_BLOCK_CAPTURE_AUTORELEASING = YES;
				CLANG_WARN_BOOL_CONVERSION = YES;
				CLANG_WARN_COMMA = YES;
				CLANG_WARN_CONSTANT_CONVERSION = YES;
				CLANG_WARN_DIRECT_OBJC_ISA_USAGE = YES_ERROR;
				CLANG_WARN_DOCUMENTATION_COMMENTS = YES;
				CLANG_WARN_EMPTY_BODY = YES;
				CLANG_WARN_ENUM_CONVERSION = YES;
				CLANG_WARN_INFINITE_RECURSION = YES;
				CLANG_WARN_INT_CONVERSION = YES;
				CLANG_WARN_NON_LITERAL_NULL_CONVERSION = YES;
				CLANG_WARN_OBJC_LITERAL_CONVERSION = YES;
				CLANG_WARN_OBJC_ROOT_CLASS = YES_ERROR;
				CLANG_WARN_RANGE_LOOP_ANALYSIS = YES;
				CLANG_WARN_STRICT_PROTOTYPES = YES;
				CLANG_WARN_SUSPICIOUS_MOVE = YES;
				CLANG_WARN_UNGUARDED_AVAILABILITY = YES_AGGRESSIVE;
				CLANG_WARN_UNREACHABLE_CODE = YES;
				CLANG_WARN__DUPLICATE_METHOD_MATCH = YES;
				CODE_SIGN_IDENTITY = "iPhone Developer";
				COPY_PHASE_STRIP = NO;
				DEBUG_INFORMATION_FORMAT = "dwarf-with-dsym";
				ENABLE_NS_ASSERTIONS = NO;
				ENABLE_STRICT_OBJC_MSGSEND = YES;
				GCC_C_LANGUAGE_STANDARD = gnu11;
				GCC_NO_COMMON_BLOCKS = YES;
				GCC_WARN_64_TO_32_BIT_CONVERSION = YES;
				GCC_WARN_ABOUT_RETURN_TYPE = YES_ERROR;
				GCC_WARN_UNDECLARED_SELECTOR = YES;
				GCC_WARN_UNINITIALIZED_AUTOS = YES_AGGRESSIVE;
				GCC_WARN_UNUSED_FUNCTION = YES;
				GCC_WARN_UNUSED_VARIABLE = YES;
				IPHONEOS_DEPLOYMENT_TARGET = 11.1;
				MTL_ENABLE_DEBUG_INFO = NO;
				SDKROOT = iphoneos;
				SWIFT_OPTIMIZATION_LEVEL = "-Owholemodule";
				VALIDATE_PRODUCT = YES;
			};
			name = Release;
		};
		E9E55F2E1FC090020069C3EA /* Debug */ = {
			isa = XCBuildConfiguration;
			buildSettings = {
				ASSETCATALOG_COMPILER_APPICON_NAME = AppIcon;
				CODE_SIGN_STYLE = Automatic;
				DEVELOPMENT_TEAM = 3AMV49XUG5;
				INFOPLIST_FILE = PersonalityQuiz/Info.plist;
				LD_RUNPATH_SEARCH_PATHS = "$(inherited) @executable_path/Frameworks";
				PRODUCT_BUNDLE_IDENTIFIER = "Thomas-de-lange.PersonalityQuiz";
				PRODUCT_NAME = "$(TARGET_NAME)";
				SWIFT_VERSION = 4.0;
				TARGETED_DEVICE_FAMILY = "1,2";
			};
			name = Debug;
		};
		E9E55F2F1FC090020069C3EA /* Release */ = {
			isa = XCBuildConfiguration;
			buildSettings = {
				ASSETCATALOG_COMPILER_APPICON_NAME = AppIcon;
				CODE_SIGN_STYLE = Automatic;
				DEVELOPMENT_TEAM = 3AMV49XUG5;
				INFOPLIST_FILE = PersonalityQuiz/Info.plist;
				LD_RUNPATH_SEARCH_PATHS = "$(inherited) @executable_path/Frameworks";
				PRODUCT_BUNDLE_IDENTIFIER = "Thomas-de-lange.PersonalityQuiz";
				PRODUCT_NAME = "$(TARGET_NAME)";
				SWIFT_VERSION = 4.0;
				TARGETED_DEVICE_FAMILY = "1,2";
			};
			name = Release;
		};
		E9E55F311FC090020069C3EA /* Debug */ = {
			isa = XCBuildConfiguration;
			buildSettings = {
				ALWAYS_EMBED_SWIFT_STANDARD_LIBRARIES = YES;
				BUNDLE_LOADER = "$(TEST_HOST)";
				CODE_SIGN_STYLE = Automatic;
				DEVELOPMENT_TEAM = 3AMV49XUG5;
				INFOPLIST_FILE = PersonalityQuizTests/Info.plist;
				LD_RUNPATH_SEARCH_PATHS = "$(inherited) @executable_path/Frameworks @loader_path/Frameworks";
				PRODUCT_BUNDLE_IDENTIFIER = "Thomas-de-lange.PersonalityQuizTests";
				PRODUCT_NAME = "$(TARGET_NAME)";
				SWIFT_VERSION = 4.0;
				TARGETED_DEVICE_FAMILY = "1,2";
				TEST_HOST = "$(BUILT_PRODUCTS_DIR)/PersonalityQuiz.app/PersonalityQuiz";
			};
			name = Debug;
		};
		E9E55F321FC090020069C3EA /* Release */ = {
			isa = XCBuildConfiguration;
			buildSettings = {
				ALWAYS_EMBED_SWIFT_STANDARD_LIBRARIES = YES;
				BUNDLE_LOADER = "$(TEST_HOST)";
				CODE_SIGN_STYLE = Automatic;
				DEVELOPMENT_TEAM = 3AMV49XUG5;
				INFOPLIST_FILE = PersonalityQuizTests/Info.plist;
				LD_RUNPATH_SEARCH_PATHS = "$(inherited) @executable_path/Frameworks @loader_path/Frameworks";
				PRODUCT_BUNDLE_IDENTIFIER = "Thomas-de-lange.PersonalityQuizTests";
				PRODUCT_NAME = "$(TARGET_NAME)";
				SWIFT_VERSION = 4.0;
				TARGETED_DEVICE_FAMILY = "1,2";
				TEST_HOST = "$(BUILT_PRODUCTS_DIR)/PersonalityQuiz.app/PersonalityQuiz";
			};
			name = Release;
		};
		E9E55F341FC090020069C3EA /* Debug */ = {
			isa = XCBuildConfiguration;
			buildSettings = {
				ALWAYS_EMBED_SWIFT_STANDARD_LIBRARIES = YES;
				CODE_SIGN_STYLE = Automatic;
				DEVELOPMENT_TEAM = 3AMV49XUG5;
				INFOPLIST_FILE = PersonalityQuizUITests/Info.plist;
				LD_RUNPATH_SEARCH_PATHS = "$(inherited) @executable_path/Frameworks @loader_path/Frameworks";
				PRODUCT_BUNDLE_IDENTIFIER = "Thomas-de-lange.PersonalityQuizUITests";
				PRODUCT_NAME = "$(TARGET_NAME)";
				SWIFT_VERSION = 4.0;
				TARGETED_DEVICE_FAMILY = "1,2";
				TEST_TARGET_NAME = PersonalityQuiz;
			};
			name = Debug;
		};
		E9E55F351FC090020069C3EA /* Release */ = {
			isa = XCBuildConfiguration;
			buildSettings = {
				ALWAYS_EMBED_SWIFT_STANDARD_LIBRARIES = YES;
				CODE_SIGN_STYLE = Automatic;
				DEVELOPMENT_TEAM = 3AMV49XUG5;
				INFOPLIST_FILE = PersonalityQuizUITests/Info.plist;
				LD_RUNPATH_SEARCH_PATHS = "$(inherited) @executable_path/Frameworks @loader_path/Frameworks";
				PRODUCT_BUNDLE_IDENTIFIER = "Thomas-de-lange.PersonalityQuizUITests";
				PRODUCT_NAME = "$(TARGET_NAME)";
				SWIFT_VERSION = 4.0;
				TARGETED_DEVICE_FAMILY = "1,2";
				TEST_TARGET_NAME = PersonalityQuiz;
			};
			name = Release;
		};
/* End XCBuildConfiguration section */

/* Begin XCConfigurationList section */
		E9E55F001FC090010069C3EA /* Build configuration list for PBXProject "PersonalityQuiz" */ = {
			isa = XCConfigurationList;
			buildConfigurations = (
				E9E55F2B1FC090020069C3EA /* Debug */,
				E9E55F2C1FC090020069C3EA /* Release */,
			);
			defaultConfigurationIsVisible = 0;
			defaultConfigurationName = Release;
		};
		E9E55F2D1FC090020069C3EA /* Build configuration list for PBXNativeTarget "PersonalityQuiz" */ = {
			isa = XCConfigurationList;
			buildConfigurations = (
				E9E55F2E1FC090020069C3EA /* Debug */,
				E9E55F2F1FC090020069C3EA /* Release */,
			);
			defaultConfigurationIsVisible = 0;
			defaultConfigurationName = Release;
		};
		E9E55F301FC090020069C3EA /* Build configuration list for PBXNativeTarget "PersonalityQuizTests" */ = {
			isa = XCConfigurationList;
			buildConfigurations = (
				E9E55F311FC090020069C3EA /* Debug */,
				E9E55F321FC090020069C3EA /* Release */,
			);
			defaultConfigurationIsVisible = 0;
			defaultConfigurationName = Release;
		};
		E9E55F331FC090020069C3EA /* Build configuration list for PBXNativeTarget "PersonalityQuizUITests" */ = {
			isa = XCConfigurationList;
			buildConfigurations = (
				E9E55F341FC090020069C3EA /* Debug */,
				E9E55F351FC090020069C3EA /* Release */,
			);
			defaultConfigurationIsVisible = 0;
			defaultConfigurationName = Release;
		};
/* End XCConfigurationList section */
	};
	rootObject = E9E55EFD1FC090010069C3EA /* Project object */;
}
